// !$*UTF8*$!
{
	archiveVersion = 1;
	classes = {
	};
	objectVersion = 50;
	objects = {

/* Begin PBXBuildFile section */
		2A1C0AAF2500E8B000718374 /* ItemsCellView.swift in Sources */ = {isa = PBXBuildFile; fileRef = 2A1C0AAE2500E8B000718374 /* ItemsCellView.swift */; };
		2A1C0AB32500EF9200718374 /* GlobalDataModel.swift in Sources */ = {isa = PBXBuildFile; fileRef = 2A1C0AB22500EF9200718374 /* GlobalDataModel.swift */; };
		2A1C0AB52500EFD100718374 /* GlobalCurrentView.swift in Sources */ = {isa = PBXBuildFile; fileRef = 2A1C0AB42500EFD100718374 /* GlobalCurrentView.swift */; };
		2A1C0AB725010AAC00718374 /* Item.swift in Sources */ = {isa = PBXBuildFile; fileRef = 2A1C0AB625010AAC00718374 /* Item.swift */; };
		2A3E771A24FEA18A00BFA926 /* Colors.xcassets in Resources */ = {isa = PBXBuildFile; fileRef = 2A3E771924FEA18A00BFA926 /* Colors.xcassets */; };
		2A3E771C24FEB52300BFA926 /* ItemsView.swift in Sources */ = {isa = PBXBuildFile; fileRef = 2A3E771B24FEB52300BFA926 /* ItemsView.swift */; };
		2A3E771E24FEB64100BFA926 /* SettingsView.swift in Sources */ = {isa = PBXBuildFile; fileRef = 2A3E771D24FEB64100BFA926 /* SettingsView.swift */; };
		2A8723C724FE659100036E82 /* AppDelegate.swift in Sources */ = {isa = PBXBuildFile; fileRef = 2A8723C624FE659100036E82 /* AppDelegate.swift */; };
		2A8723C924FE659100036E82 /* SceneDelegate.swift in Sources */ = {isa = PBXBuildFile; fileRef = 2A8723C824FE659100036E82 /* SceneDelegate.swift */; };
		2A8723CB24FE659100036E82 /* ContentView.swift in Sources */ = {isa = PBXBuildFile; fileRef = 2A8723CA24FE659100036E82 /* ContentView.swift */; };
		2A8723CD24FE659700036E82 /* Assets.xcassets in Resources */ = {isa = PBXBuildFile; fileRef = 2A8723CC24FE659700036E82 /* Assets.xcassets */; };
		2A8723D024FE659700036E82 /* Preview Assets.xcassets in Resources */ = {isa = PBXBuildFile; fileRef = 2A8723CF24FE659700036E82 /* Preview Assets.xcassets */; };
		2A8723D324FE659700036E82 /* LaunchScreen.storyboard in Resources */ = {isa = PBXBuildFile; fileRef = 2A8723D124FE659700036E82 /* LaunchScreen.storyboard */; };
		2A8723DD24FE66B100036E82 /* TabBarView.swift in Sources */ = {isa = PBXBuildFile; fileRef = 2A8723DC24FE66B100036E82 /* TabBarView.swift */; };
		2A8723DF24FE695900036E82 /* TabBarItemView.swift in Sources */ = {isa = PBXBuildFile; fileRef = 2A8723DE24FE695900036E82 /* TabBarItemView.swift */; };
		2AAED4DE25053BC200D2DCA5 /* AddNewItemView.swift in Sources */ = {isa = PBXBuildFile; fileRef = 2AAED4DD25053BC200D2DCA5 /* AddNewItemView.swift */; };
/* End PBXBuildFile section */

/* Begin PBXFileReference section */
		2A1C0AAE2500E8B000718374 /* ItemsCellView.swift */ = {isa = PBXFileReference; lastKnownFileType = sourcecode.swift; path = ItemsCellView.swift; sourceTree = "<group>"; };
		2A1C0AB22500EF9200718374 /* GlobalDataModel.swift */ = {isa = PBXFileReference; lastKnownFileType = sourcecode.swift; path = GlobalDataModel.swift; sourceTree = "<group>"; };
		2A1C0AB42500EFD100718374 /* GlobalCurrentView.swift */ = {isa = PBXFileReference; lastKnownFileType = sourcecode.swift; path = GlobalCurrentView.swift; sourceTree = "<group>"; };
		2A1C0AB625010AAC00718374 /* Item.swift */ = {isa = PBXFileReference; lastKnownFileType = sourcecode.swift; path = Item.swift; sourceTree = "<group>"; };
		2A3E771924FEA18A00BFA926 /* Colors.xcassets */ = {isa = PBXFileReference; lastKnownFileType = folder.assetcatalog; path = Colors.xcassets; sourceTree = "<group>"; };
		2A3E771B24FEB52300BFA926 /* ItemsView.swift */ = {isa = PBXFileReference; lastKnownFileType = sourcecode.swift; path = ItemsView.swift; sourceTree = "<group>"; };
		2A3E771D24FEB64100BFA926 /* SettingsView.swift */ = {isa = PBXFileReference; lastKnownFileType = sourcecode.swift; path = SettingsView.swift; sourceTree = "<group>"; };
		2A8723C324FE659100036E82 /* lupoPass.app */ = {isa = PBXFileReference; explicitFileType = wrapper.application; includeInIndex = 0; path = lupoPass.app; sourceTree = BUILT_PRODUCTS_DIR; };
		2A8723C624FE659100036E82 /* AppDelegate.swift */ = {isa = PBXFileReference; lastKnownFileType = sourcecode.swift; path = AppDelegate.swift; sourceTree = "<group>"; };
		2A8723C824FE659100036E82 /* SceneDelegate.swift */ = {isa = PBXFileReference; lastKnownFileType = sourcecode.swift; path = SceneDelegate.swift; sourceTree = "<group>"; };
		2A8723CA24FE659100036E82 /* ContentView.swift */ = {isa = PBXFileReference; lastKnownFileType = sourcecode.swift; path = ContentView.swift; sourceTree = "<group>"; };
		2A8723CC24FE659700036E82 /* Assets.xcassets */ = {isa = PBXFileReference; lastKnownFileType = folder.assetcatalog; path = Assets.xcassets; sourceTree = "<group>"; };
		2A8723CF24FE659700036E82 /* Preview Assets.xcassets */ = {isa = PBXFileReference; lastKnownFileType = folder.assetcatalog; path = "Preview Assets.xcassets"; sourceTree = "<group>"; };
		2A8723D224FE659700036E82 /* Base */ = {isa = PBXFileReference; lastKnownFileType = file.storyboard; name = Base; path = Base.lproj/LaunchScreen.storyboard; sourceTree = "<group>"; };
		2A8723D424FE659700036E82 /* Info.plist */ = {isa = PBXFileReference; lastKnownFileType = text.plist.xml; path = Info.plist; sourceTree = "<group>"; };
		2A8723DC24FE66B100036E82 /* TabBarView.swift */ = {isa = PBXFileReference; lastKnownFileType = sourcecode.swift; path = TabBarView.swift; sourceTree = "<group>"; };
		2A8723DE24FE695900036E82 /* TabBarItemView.swift */ = {isa = PBXFileReference; lastKnownFileType = sourcecode.swift; path = TabBarItemView.swift; sourceTree = "<group>"; };
		2AAED4DD25053BC200D2DCA5 /* AddNewItemView.swift */ = {isa = PBXFileReference; lastKnownFileType = sourcecode.swift; path = AddNewItemView.swift; sourceTree = "<group>"; };
/* End PBXFileReference section */

/* Begin PBXFrameworksBuildPhase section */
		2A8723C024FE659100036E82 /* Frameworks */ = {
			isa = PBXFrameworksBuildPhase;
			buildActionMask = 2147483647;
			files = (
			);
			runOnlyForDeploymentPostprocessing = 0;
		};
/* End PBXFrameworksBuildPhase section */

/* Begin PBXGroup section */
		2A1C0AB02500EF4C00718374 /* Classes */ = {
			isa = PBXGroup;
			children = (
				2A1C0AB12500EF5900718374 /* ObservableObjects */,
				2A1C0AB625010AAC00718374 /* Item.swift */,
			);
			path = Classes;
			sourceTree = "<group>";
		};
		2A1C0AB12500EF5900718374 /* ObservableObjects */ = {
			isa = PBXGroup;
			children = (
				2A1C0AB22500EF9200718374 /* GlobalDataModel.swift */,
				2A1C0AB42500EFD100718374 /* GlobalCurrentView.swift */,
			);
			path = ObservableObjects;
			sourceTree = "<group>";
		};
		2A8723BA24FE659100036E82 = {
			isa = PBXGroup;
			children = (
				2A8723C524FE659100036E82 /* lupoPass */,
				2A8723C424FE659100036E82 /* Products */,
			);
			sourceTree = "<group>";
		};
		2A8723C424FE659100036E82 /* Products */ = {
			isa = PBXGroup;
			children = (
				2A8723C324FE659100036E82 /* lupoPass.app */,
			);
			name = Products;
			sourceTree = "<group>";
		};
		2A8723C524FE659100036E82 /* lupoPass */ = {
			isa = PBXGroup;
			children = (
				2A1C0AB02500EF4C00718374 /* Classes */,
				2A8723DA24FE666600036E82 /* Views */,
				2A8723C624FE659100036E82 /* AppDelegate.swift */,
				2A8723C824FE659100036E82 /* SceneDelegate.swift */,
				2A8723CA24FE659100036E82 /* ContentView.swift */,
				2A8723CC24FE659700036E82 /* Assets.xcassets */,
				2A3E771924FEA18A00BFA926 /* Colors.xcassets */,
				2A8723D124FE659700036E82 /* LaunchScreen.storyboard */,
				2A8723D424FE659700036E82 /* Info.plist */,
				2A8723CE24FE659700036E82 /* Preview Content */,
			);
			path = lupoPass;
			sourceTree = "<group>";
		};
		2A8723CE24FE659700036E82 /* Preview Content */ = {
			isa = PBXGroup;
			children = (
				2A8723CF24FE659700036E82 /* Preview Assets.xcassets */,
			);
			path = "Preview Content";
			sourceTree = "<group>";
		};
		2A8723DA24FE666600036E82 /* Views */ = {
			isa = PBXGroup;
			children = (
				2A8723DB24FE667400036E82 /* Subviews */,
				2A8723DC24FE66B100036E82 /* TabBarView.swift */,
				2A3E771B24FEB52300BFA926 /* ItemsView.swift */,
				2A3E771D24FEB64100BFA926 /* SettingsView.swift */,
				2AAED4DD25053BC200D2DCA5 /* AddNewItemView.swift */,
			);
			path = Views;
			sourceTree = "<group>";
		};
		2A8723DB24FE667400036E82 /* Subviews */ = {
			isa = PBXGroup;
			children = (
				2A8723DE24FE695900036E82 /* TabBarItemView.swift */,
				2A1C0AAE2500E8B000718374 /* ItemsCellView.swift */,
			);
			path = Subviews;
			sourceTree = "<group>";
		};
/* End PBXGroup section */

/* Begin PBXNativeTarget section */
		2A8723C224FE659100036E82 /* lupoPass */ = {
			isa = PBXNativeTarget;
			buildConfigurationList = 2A8723D724FE659700036E82 /* Build configuration list for PBXNativeTarget "lupoPass" */;
			buildPhases = (
				2A8723BF24FE659100036E82 /* Sources */,
				2A8723C024FE659100036E82 /* Frameworks */,
				2A8723C124FE659100036E82 /* Resources */,
			);
			buildRules = (
			);
			dependencies = (
			);
			name = lupoPass;
			productName = lupoPass;
			productReference = 2A8723C324FE659100036E82 /* lupoPass.app */;
			productType = "com.apple.product-type.application";
		};
/* End PBXNativeTarget section */

/* Begin PBXProject section */
		2A8723BB24FE659100036E82 /* Project object */ = {
			isa = PBXProject;
			attributes = {
				LastSwiftUpdateCheck = 1160;
				LastUpgradeCheck = 1160;
				ORGANIZATIONNAME = "Roland Braun";
				TargetAttributes = {
					2A8723C224FE659100036E82 = {
						CreatedOnToolsVersion = 11.6;
					};
				};
			};
			buildConfigurationList = 2A8723BE24FE659100036E82 /* Build configuration list for PBXProject "lupoPass" */;
			compatibilityVersion = "Xcode 9.3";
			developmentRegion = en;
			hasScannedForEncodings = 0;
			knownRegions = (
				en,
				Base,
			);
			mainGroup = 2A8723BA24FE659100036E82;
			productRefGroup = 2A8723C424FE659100036E82 /* Products */;
			projectDirPath = "";
			projectRoot = "";
			targets = (
				2A8723C224FE659100036E82 /* lupoPass */,
			);
		};
/* End PBXProject section */

/* Begin PBXResourcesBuildPhase section */
		2A8723C124FE659100036E82 /* Resources */ = {
			isa = PBXResourcesBuildPhase;
			buildActionMask = 2147483647;
			files = (
				2A8723D324FE659700036E82 /* LaunchScreen.storyboard in Resources */,
				2A3E771A24FEA18A00BFA926 /* Colors.xcassets in Resources */,
				2A8723D024FE659700036E82 /* Preview Assets.xcassets in Resources */,
				2A8723CD24FE659700036E82 /* Assets.xcassets in Resources */,
			);
			runOnlyForDeploymentPostprocessing = 0;
		};
/* End PBXResourcesBuildPhase section */

/* Begin PBXSourcesBuildPhase section */
		2A8723BF24FE659100036E82 /* Sources */ = {
			isa = PBXSourcesBuildPhase;
			buildActionMask = 2147483647;
			files = (
				2A3E771E24FEB64100BFA926 /* SettingsView.swift in Sources */,
				2A8723C724FE659100036E82 /* AppDelegate.swift in Sources */,
				2A1C0AB32500EF9200718374 /* GlobalDataModel.swift in Sources */,
				2A1C0AB52500EFD100718374 /* GlobalCurrentView.swift in Sources */,
				2A3E771C24FEB52300BFA926 /* ItemsView.swift in Sources */,
				2A1C0AAF2500E8B000718374 /* ItemsCellView.swift in Sources */,
				2A1C0AB725010AAC00718374 /* Item.swift in Sources */,
				2A8723C924FE659100036E82 /* SceneDelegate.swift in Sources */,
				2AAED4DE25053BC200D2DCA5 /* AddNewItemView.swift in Sources */,
				2A8723DD24FE66B100036E82 /* TabBarView.swift in Sources */,
				2A8723DF24FE695900036E82 /* TabBarItemView.swift in Sources */,
				2A8723CB24FE659100036E82 /* ContentView.swift in Sources */,
			);
			runOnlyForDeploymentPostprocessing = 0;
		};
/* End PBXSourcesBuildPhase section */

/* Begin PBXVariantGroup section */
		2A8723D124FE659700036E82 /* LaunchScreen.storyboard */ = {
			isa = PBXVariantGroup;
			children = (
				2A8723D224FE659700036E82 /* Base */,
			);
			name = LaunchScreen.storyboard;
			sourceTree = "<group>";
		};
/* End PBXVariantGroup section */

/* Begin XCBuildConfiguration section */
		2A8723D524FE659700036E82 /* Debug */ = {
			isa = XCBuildConfiguration;
			buildSettings = {
				ALWAYS_SEARCH_USER_PATHS = NO;
				CLANG_ANALYZER_NONNULL = YES;
				CLANG_ANALYZER_NUMBER_OBJECT_CONVERSION = YES_AGGRESSIVE;
				CLANG_CXX_LANGUAGE_STANDARD = "gnu++14";
				CLANG_CXX_LIBRARY = "libc++";
				CLANG_ENABLE_MODULES = YES;
				CLANG_ENABLE_OBJC_ARC = YES;
				CLANG_ENABLE_OBJC_WEAK = YES;
				CLANG_WARN_BLOCK_CAPTURE_AUTORELEASING = YES;
				CLANG_WARN_BOOL_CONVERSION = YES;
				CLANG_WARN_COMMA = YES;
				CLANG_WARN_CONSTANT_CONVERSION = YES;
				CLANG_WARN_DEPRECATED_OBJC_IMPLEMENTATIONS = YES;
				CLANG_WARN_DIRECT_OBJC_ISA_USAGE = YES_ERROR;
				CLANG_WARN_DOCUMENTATION_COMMENTS = YES;
				CLANG_WARN_EMPTY_BODY = YES;
				CLANG_WARN_ENUM_CONVERSION = YES;
				CLANG_WARN_INFINITE_RECURSION = YES;
				CLANG_WARN_INT_CONVERSION = YES;
				CLANG_WARN_NON_LITERAL_NULL_CONVERSION = YES;
				CLANG_WARN_OBJC_IMPLICIT_RETAIN_SELF = YES;
				CLANG_WARN_OBJC_LITERAL_CONVERSION = YES;
				CLANG_WARN_OBJC_ROOT_CLASS = YES_ERROR;
				CLANG_WARN_RANGE_LOOP_ANALYSIS = YES;
				CLANG_WARN_STRICT_PROTOTYPES = YES;
				CLANG_WARN_SUSPICIOUS_MOVE = YES;
				CLANG_WARN_UNGUARDED_AVAILABILITY = YES_AGGRESSIVE;
				CLANG_WARN_UNREACHABLE_CODE = YES;
				CLANG_WARN__DUPLICATE_METHOD_MATCH = YES;
				COPY_PHASE_STRIP = NO;
				DEBUG_INFORMATION_FORMAT = dwarf;
				ENABLE_STRICT_OBJC_MSGSEND = YES;
				ENABLE_TESTABILITY = YES;
				GCC_C_LANGUAGE_STANDARD = gnu11;
				GCC_DYNAMIC_NO_PIC = NO;
				GCC_NO_COMMON_BLOCKS = YES;
				GCC_OPTIMIZATION_LEVEL = 0;
				GCC_PREPROCESSOR_DEFINITIONS = (
					"DEBUG=1",
					"$(inherited)",
				);
				GCC_WARN_64_TO_32_BIT_CONVERSION = YES;
				GCC_WARN_ABOUT_RETURN_TYPE = YES_ERROR;
				GCC_WARN_UNDECLARED_SELECTOR = YES;
				GCC_WARN_UNINITIALIZED_AUTOS = YES_AGGRESSIVE;
				GCC_WARN_UNUSED_FUNCTION = YES;
				GCC_WARN_UNUSED_VARIABLE = YES;
				IPHONEOS_DEPLOYMENT_TARGET = 13.6;
				MTL_ENABLE_DEBUG_INFO = INCLUDE_SOURCE;
				MTL_FAST_MATH = YES;
				ONLY_ACTIVE_ARCH = YES;
				SDKROOT = iphoneos;
				SWIFT_ACTIVE_COMPILATION_CONDITIONS = DEBUG;
				SWIFT_OPTIMIZATION_LEVEL = "-Onone";
			};
			name = Debug;
		};
		2A8723D624FE659700036E82 /* Release */ = {
			isa = XCBuildConfiguration;
			buildSettings = {
				ALWAYS_SEARCH_USER_PATHS = NO;
				CLANG_ANALYZER_NONNULL = YES;
				CLANG_ANALYZER_NUMBER_OBJECT_CONVERSION = YES_AGGRESSIVE;
				CLANG_CXX_LANGUAGE_STANDARD = "gnu++14";
				CLANG_CXX_LIBRARY = "libc++";
				CLANG_ENABLE_MODULES = YES;
				CLANG_ENABLE_OBJC_ARC = YES;
				CLANG_ENABLE_OBJC_WEAK = YES;
				CLANG_WARN_BLOCK_CAPTURE_AUTORELEASING = YES;
				CLANG_WARN_BOOL_CONVERSION = YES;
				CLANG_WARN_COMMA = YES;
				CLANG_WARN_CONSTANT_CONVERSION = YES;
				CLANG_WARN_DEPRECATED_OBJC_IMPLEMENTATIONS = YES;
				CLANG_WARN_DIRECT_OBJC_ISA_USAGE = YES_ERROR;
				CLANG_WARN_DOCUMENTATION_COMMENTS = YES;
				CLANG_WARN_EMPTY_BODY = YES;
				CLANG_WARN_ENUM_CONVERSION = YES;
				CLANG_WARN_INFINITE_RECURSION = YES;
				CLANG_WARN_INT_CONVERSION = YES;
				CLANG_WARN_NON_LITERAL_NULL_CONVERSION = YES;
				CLANG_WARN_OBJC_IMPLICIT_RETAIN_SELF = YES;
				CLANG_WARN_OBJC_LITERAL_CONVERSION = YES;
				CLANG_WARN_OBJC_ROOT_CLASS = YES_ERROR;
				CLANG_WARN_RANGE_LOOP_ANALYSIS = YES;
				CLANG_WARN_STRICT_PROTOTYPES = YES;
				CLANG_WARN_SUSPICIOUS_MOVE = YES;
				CLANG_WARN_UNGUARDED_AVAILABILITY = YES_AGGRESSIVE;
				CLANG_WARN_UNREACHABLE_CODE = YES;
				CLANG_WARN__DUPLICATE_METHOD_MATCH = YES;
				COPY_PHASE_STRIP = NO;
				DEBUG_INFORMATION_FORMAT = "dwarf-with-dsym";
				ENABLE_NS_ASSERTIONS = NO;
				ENABLE_STRICT_OBJC_MSGSEND = YES;
				GCC_C_LANGUAGE_STANDARD = gnu11;
				GCC_NO_COMMON_BLOCKS = YES;
				GCC_WARN_64_TO_32_BIT_CONVERSION = YES;
				GCC_WARN_ABOUT_RETURN_TYPE = YES_ERROR;
				GCC_WARN_UNDECLARED_SELECTOR = YES;
				GCC_WARN_UNINITIALIZED_AUTOS = YES_AGGRESSIVE;
				GCC_WARN_UNUSED_FUNCTION = YES;
				GCC_WARN_UNUSED_VARIABLE = YES;
				IPHONEOS_DEPLOYMENT_TARGET = 13.6;
				MTL_ENABLE_DEBUG_INFO = NO;
				MTL_FAST_MATH = YES;
				SDKROOT = iphoneos;
				SWIFT_COMPILATION_MODE = wholemodule;
				SWIFT_OPTIMIZATION_LEVEL = "-O";
				VALIDATE_PRODUCT = YES;
			};
			name = Release;
		};
		2A8723D824FE659700036E82 /* Debug */ = {
			isa = XCBuildConfiguration;
			buildSettings = {
				ASSETCATALOG_COMPILER_APPICON_NAME = AppIcon;
				CODE_SIGN_STYLE = Automatic;
				DEVELOPMENT_ASSET_PATHS = "\"lupoPass/Preview Content\"";
				DEVELOPMENT_TEAM = H2U269YDR2;
				ENABLE_PREVIEWS = YES;
				INFOPLIST_FILE = lupoPass/Info.plist;
				LD_RUNPATH_SEARCH_PATHS = (
					"$(inherited)",
					"@executable_path/Frameworks",
				);
				PRODUCT_BUNDLE_IDENTIFIER = com.rolandbraun.lupoPass;
				PRODUCT_NAME = "$(TARGET_NAME)";
				SWIFT_VERSION = 5.0;
				TARGETED_DEVICE_FAMILY = "1,2";
			};
			name = Debug;
		};
		2A8723D924FE659700036E82 /* Release */ = {
			isa = XCBuildConfiguration;
			buildSettings = {
				ASSETCATALOG_COMPILER_APPICON_NAME = AppIcon;
				CODE_SIGN_STYLE = Automatic;
				DEVELOPMENT_ASSET_PATHS = "\"lupoPass/Preview Content\"";
				DEVELOPMENT_TEAM = H2U269YDR2;
				ENABLE_PREVIEWS = YES;
				INFOPLIST_FILE = lupoPass/Info.plist;
				LD_RUNPATH_SEARCH_PATHS = (
					"$(inherited)",
					"@executable_path/Frameworks",
				);
				PRODUCT_BUNDLE_IDENTIFIER = com.rolandbraun.lupoPass;
				PRODUCT_NAME = "$(TARGET_NAME)";
				SWIFT_VERSION = 5.0;
				TARGETED_DEVICE_FAMILY = "1,2";
			};
			name = Release;
		};
/* End XCBuildConfiguration section */

/* Begin XCConfigurationList section */
		2A8723BE24FE659100036E82 /* Build configuration list for PBXProject "lupoPass" */ = {
			isa = XCConfigurationList;
			buildConfigurations = (
				2A8723D524FE659700036E82 /* Debug */,
				2A8723D624FE659700036E82 /* Release */,
			);
			defaultConfigurationIsVisible = 0;
			defaultConfigurationName = Release;
		};
		2A8723D724FE659700036E82 /* Build configuration list for PBXNativeTarget "lupoPass" */ = {
			isa = XCConfigurationList;
			buildConfigurations = (
				2A8723D824FE659700036E82 /* Debug */,
				2A8723D924FE659700036E82 /* Release */,
			);
			defaultConfigurationIsVisible = 0;
			defaultConfigurationName = Release;
		};
/* End XCConfigurationList section */
	};
	rootObject = 2A8723BB24FE659100036E82 /* Project object */;
}
